// !$*UTF8*$!
{
	archiveVersion = 1;
	classes = {
	};
	objectVersion = 77;
	objects = {

/* Begin PBXBuildFile section */
		A2EC8B6A2EFB782C00AFB568 /* ZIPFoundation in Frameworks */ = {isa = PBXBuildFile; productRef = A2EC8B692EFB782C00AFB568 /* ZIPFoundation */; };
/* End PBXBuildFile section */

/* Begin PBXContainerItemProxy section */
		A28D40472ECC6275005BDDD2 /* PBXContainerItemProxy */ = {
			isa = PBXContainerItemProxy;
			containerPortal = A28D402F2ECC6272005BDDD2 /* Project object */;
			proxyType = 1;
			remoteGlobalIDString = A28D40362ECC6272005BDDD2;
			remoteInfo = AirClip;
		};
		A28D40512ECC6275005BDDD2 /* PBXContainerItemProxy */ = {
			isa = PBXContainerItemProxy;
			containerPortal = A28D402F2ECC6272005BDDD2 /* Project object */;
			proxyType = 1;
			remoteGlobalIDString = A28D40362ECC6272005BDDD2;
			remoteInfo = AirClip;
		};
		A2EC8AFC2EF397EF00AFB568 /* PBXContainerItemProxy */ = {
			isa = PBXContainerItemProxy;
			containerPortal = A28D402F2ECC6272005BDDD2 /* Project object */;
			proxyType = 1;
			remoteGlobalIDString = A2EC8AEA2EF397EC00AFB568;
			remoteInfo = "AirClip-iOS";
		};
		A2EC8B062EF397EF00AFB568 /* PBXContainerItemProxy */ = {
			isa = PBXContainerItemProxy;
			containerPortal = A28D402F2ECC6272005BDDD2 /* Project object */;
			proxyType = 1;
			remoteGlobalIDString = A2EC8AEA2EF397EC00AFB568;
			remoteInfo = "AirClip-iOS";
		};
/* End PBXContainerItemProxy section */

/* Begin PBXFileReference section */
		A28D40372ECC6272005BDDD2 /* AirClip.app */ = {isa = PBXFileReference; explicitFileType = wrapper.application; includeInIndex = 0; path = AirClip.app; sourceTree = BUILT_PRODUCTS_DIR; };
		A28D40462ECC6275005BDDD2 /* AirClipTests.xctest */ = {isa = PBXFileReference; explicitFileType = wrapper.cfbundle; includeInIndex = 0; path = AirClipTests.xctest; sourceTree = BUILT_PRODUCTS_DIR; };
		A28D40502ECC6275005BDDD2 /* AirClipUITests.xctest */ = {isa = PBXFileReference; explicitFileType = wrapper.cfbundle; includeInIndex = 0; path = AirClipUITests.xctest; sourceTree = BUILT_PRODUCTS_DIR; };
		A2EC8AC62EF395F100AFB568 /* UniformTypeIdentifiers.framework */ = {isa = PBXFileReference; lastKnownFileType = wrapper.framework; name = UniformTypeIdentifiers.framework; path = System/Library/Frameworks/UniformTypeIdentifiers.framework; sourceTree = SDKROOT; };
		A2EC8AEB2EF397EC00AFB568 /* AirClip-iOS.app */ = {isa = PBXFileReference; explicitFileType = wrapper.application; includeInIndex = 0; path = "AirClip-iOS.app"; sourceTree = BUILT_PRODUCTS_DIR; };
		A2EC8AFB2EF397EF00AFB568 /* AirClip-iOSTests.xctest */ = {isa = PBXFileReference; explicitFileType = wrapper.cfbundle; includeInIndex = 0; path = "AirClip-iOSTests.xctest"; sourceTree = BUILT_PRODUCTS_DIR; };
		A2EC8B052EF397EF00AFB568 /* AirClip-iOSUITests.xctest */ = {isa = PBXFileReference; explicitFileType = wrapper.cfbundle; includeInIndex = 0; path = "AirClip-iOSUITests.xctest"; sourceTree = BUILT_PRODUCTS_DIR; };
/* End PBXFileReference section */

/* Begin PBXFileSystemSynchronizedBuildFileExceptionSet section */
		A2EC8B342EF3984300AFB568 /* Exceptions for "AirClip" folder in "AirClip-iOS" target */ = {
			isa = PBXFileSystemSynchronizedBuildFileExceptionSet;
			membershipExceptions = (
				Managers/iCloudSyncManager.swift,
				Models/Item.swift,
				Theme/PreferencesKeys.swift,
			);
			target = A2EC8AEA2EF397EC00AFB568 /* AirClip-iOS */;
		};
		A2EC8B552EF3D00300AFB568 /* Exceptions for "AirClip-iOS" folder in "AirClip-iOS" target */ = {
			isa = PBXFileSystemSynchronizedBuildFileExceptionSet;
			membershipExceptions = (
				Info.plist,
			);
			target = A2EC8AEA2EF397EC00AFB568 /* AirClip-iOS */;
		};
		A2F5C0DE2F1234567890ABCD /* Exceptions for "AirClip" folder in "AirClip" target */ = {
			isa = PBXFileSystemSynchronizedBuildFileExceptionSet;
			membershipExceptions = (
				Info.plist,
			);
			target = A28D40362ECC6272005BDDD2 /* AirClip */;
		};
/* End PBXFileSystemSynchronizedBuildFileExceptionSet section */

/* Begin PBXFileSystemSynchronizedRootGroup section */
		A28D40392ECC6272005BDDD2 /* AirClip */ = {
			isa = PBXFileSystemSynchronizedRootGroup;
			exceptions = (
				A2F5C0DE2F1234567890ABCD /* Exceptions for "AirClip" folder in "AirClip" target */,
				A2EC8B342EF3984300AFB568 /* Exceptions for "AirClip" folder in "AirClip-iOS" target */,
			);
			path = AirClip;
			sourceTree = "<group>";
		};
		A28D40492ECC6275005BDDD2 /* AirClipTests */ = {
			isa = PBXFileSystemSynchronizedRootGroup;
			path = AirClipTests;
			sourceTree = "<group>";
		};
		A28D40532ECC6275005BDDD2 /* AirClipUITests */ = {
			isa = PBXFileSystemSynchronizedRootGroup;
			path = AirClipUITests;
			sourceTree = "<group>";
		};
		A2EC8AEC2EF397EC00AFB568 /* AirClip-iOS */ = {
			isa = PBXFileSystemSynchronizedRootGroup;
			exceptions = (
				A2EC8B552EF3D00300AFB568 /* Exceptions for "AirClip-iOS" folder in "AirClip-iOS" target */,
			);
			path = "AirClip-iOS";
			sourceTree = "<group>";
		};
		A2EC8AFE2EF397EF00AFB568 /* AirClip-iOSTests */ = {
			isa = PBXFileSystemSynchronizedRootGroup;
			path = "AirClip-iOSTests";
			sourceTree = "<group>";
		};
		A2EC8B082EF397EF00AFB568 /* AirClip-iOSUITests */ = {
			isa = PBXFileSystemSynchronizedRootGroup;
			path = "AirClip-iOSUITests";
			sourceTree = "<group>";
		};
/* End PBXFileSystemSynchronizedRootGroup section */

/* Begin PBXFrameworksBuildPhase section */
		A28D40342ECC6272005BDDD2 /* Frameworks */ = {
			isa = PBXFrameworksBuildPhase;
			buildActionMask = 2147483647;
			files = (
				A2EC8B6A2EFB782C00AFB568 /* ZIPFoundation in Frameworks */,
			);
			runOnlyForDeploymentPostprocessing = 0;
		};
		A28D40432ECC6275005BDDD2 /* Frameworks */ = {
			isa = PBXFrameworksBuildPhase;
			buildActionMask = 2147483647;
			files = (
			);
			runOnlyForDeploymentPostprocessing = 0;
		};
		A28D404D2ECC6275005BDDD2 /* Frameworks */ = {
			isa = PBXFrameworksBuildPhase;
			buildActionMask = 2147483647;
			files = (
			);
			runOnlyForDeploymentPostprocessing = 0;
		};
		A2EC8AE82EF397EC00AFB568 /* Frameworks */ = {
			isa = PBXFrameworksBuildPhase;
			buildActionMask = 2147483647;
			files = (
			);
			runOnlyForDeploymentPostprocessing = 0;
		};
		A2EC8AF82EF397EF00AFB568 /* Frameworks */ = {
			isa = PBXFrameworksBuildPhase;
			buildActionMask = 2147483647;
			files = (
			);
			runOnlyForDeploymentPostprocessing = 0;
		};
		A2EC8B022EF397EF00AFB568 /* Frameworks */ = {
			isa = PBXFrameworksBuildPhase;
			buildActionMask = 2147483647;
			files = (
			);
			runOnlyForDeploymentPostprocessing = 0;
		};
/* End PBXFrameworksBuildPhase section */

/* Begin PBXGroup section */
		A28D402E2ECC6272005BDDD2 = {
			isa = PBXGroup;
			children = (
				A28D40392ECC6272005BDDD2 /* AirClip */,
				A28D40492ECC6275005BDDD2 /* AirClipTests */,
				A28D40532ECC6275005BDDD2 /* AirClipUITests */,
				A2EC8AEC2EF397EC00AFB568 /* AirClip-iOS */,
				A2EC8AFE2EF397EF00AFB568 /* AirClip-iOSTests */,
				A2EC8B082EF397EF00AFB568 /* AirClip-iOSUITests */,
				A2EC8AC52EF395F100AFB568 /* Frameworks */,
				A28D40382ECC6272005BDDD2 /* Products */,
			);
			sourceTree = "<group>";
		};
		A28D40382ECC6272005BDDD2 /* Products */ = {
			isa = PBXGroup;
			children = (
				A28D40372ECC6272005BDDD2 /* AirClip.app */,
				A28D40462ECC6275005BDDD2 /* AirClipTests.xctest */,
				A28D40502ECC6275005BDDD2 /* AirClipUITests.xctest */,
				A2EC8AEB2EF397EC00AFB568 /* AirClip-iOS.app */,
				A2EC8AFB2EF397EF00AFB568 /* AirClip-iOSTests.xctest */,
				A2EC8B052EF397EF00AFB568 /* AirClip-iOSUITests.xctest */,
			);
			name = Products;
			sourceTree = "<group>";
		};
		A2EC8AC52EF395F100AFB568 /* Frameworks */ = {
			isa = PBXGroup;
			children = (
				A2EC8AC62EF395F100AFB568 /* UniformTypeIdentifiers.framework */,
			);
			name = Frameworks;
			sourceTree = "<group>";
		};
/* End PBXGroup section */

/* Begin PBXNativeTarget section */
		A28D40362ECC6272005BDDD2 /* AirClip */ = {
			isa = PBXNativeTarget;
			buildConfigurationList = A28D405A2ECC6275005BDDD2 /* Build configuration list for PBXNativeTarget "AirClip" */;
			buildPhases = (
				A28D40332ECC6272005BDDD2 /* Sources */,
				A28D40342ECC6272005BDDD2 /* Frameworks */,
				A28D40352ECC6272005BDDD2 /* Resources */,
			);
			buildRules = (
			);
			dependencies = (
			);
			fileSystemSynchronizedGroups = (
				A28D40392ECC6272005BDDD2 /* AirClip */,
			);
			name = AirClip;
			packageProductDependencies = (
				A2EC8B692EFB782C00AFB568 /* ZIPFoundation */,
			);
			productName = AirClip;
			productReference = A28D40372ECC6272005BDDD2 /* AirClip.app */;
			productType = "com.apple.product-type.application";
		};
		A28D40452ECC6275005BDDD2 /* AirClipTests */ = {
			isa = PBXNativeTarget;
			buildConfigurationList = A28D405D2ECC6275005BDDD2 /* Build configuration list for PBXNativeTarget "AirClipTests" */;
			buildPhases = (
				A28D40422ECC6275005BDDD2 /* Sources */,
				A28D40432ECC6275005BDDD2 /* Frameworks */,
				A28D40442ECC6275005BDDD2 /* Resources */,
			);
			buildRules = (
			);
			dependencies = (
				A28D40482ECC6275005BDDD2 /* PBXTargetDependency */,
			);
			fileSystemSynchronizedGroups = (
				A28D40492ECC6275005BDDD2 /* AirClipTests */,
			);
			name = AirClipTests;
			packageProductDependencies = (
			);
			productName = AirClipTests;
			productReference = A28D40462ECC6275005BDDD2 /* AirClipTests.xctest */;
			productType = "com.apple.product-type.bundle.unit-test";
		};
		A28D404F2ECC6275005BDDD2 /* AirClipUITests */ = {
			isa = PBXNativeTarget;
			buildConfigurationList = A28D40602ECC6275005BDDD2 /* Build configuration list for PBXNativeTarget "AirClipUITests" */;
			buildPhases = (
				A28D404C2ECC6275005BDDD2 /* Sources */,
				A28D404D2ECC6275005BDDD2 /* Frameworks */,
				A28D404E2ECC6275005BDDD2 /* Resources */,
			);
			buildRules = (
			);
			dependencies = (
				A28D40522ECC6275005BDDD2 /* PBXTargetDependency */,
			);
			fileSystemSynchronizedGroups = (
				A28D40532ECC6275005BDDD2 /* AirClipUITests */,
			);
			name = AirClipUITests;
			packageProductDependencies = (
			);
			productName = AirClipUITests;
			productReference = A28D40502ECC6275005BDDD2 /* AirClipUITests.xctest */;
			productType = "com.apple.product-type.bundle.ui-testing";
		};
		A2EC8AEA2EF397EC00AFB568 /* AirClip-iOS */ = {
			isa = PBXNativeTarget;
			buildConfigurationList = A2EC8B0E2EF397EF00AFB568 /* Build configuration list for PBXNativeTarget "AirClip-iOS" */;
			buildPhases = (
				A2EC8AE72EF397EC00AFB568 /* Sources */,
				A2EC8AE82EF397EC00AFB568 /* Frameworks */,
				A2EC8AE92EF397EC00AFB568 /* Resources */,
			);
			buildRules = (
			);
			dependencies = (
			);
			fileSystemSynchronizedGroups = (
				A2EC8AEC2EF397EC00AFB568 /* AirClip-iOS */,
			);
			name = "AirClip-iOS";
			packageProductDependencies = (
			);
			productName = "AirClip-iOS";
			productReference = A2EC8AEB2EF397EC00AFB568 /* AirClip-iOS.app */;
			productType = "com.apple.product-type.application";
		};
		A2EC8AFA2EF397EF00AFB568 /* AirClip-iOSTests */ = {
			isa = PBXNativeTarget;
			buildConfigurationList = A2EC8B112EF397EF00AFB568 /* Build configuration list for PBXNativeTarget "AirClip-iOSTests" */;
			buildPhases = (
				A2EC8AF72EF397EF00AFB568 /* Sources */,
				A2EC8AF82EF397EF00AFB568 /* Frameworks */,
				A2EC8AF92EF397EF00AFB568 /* Resources */,
			);
			buildRules = (
			);
			dependencies = (
				A2EC8AFD2EF397EF00AFB568 /* PBXTargetDependency */,
			);
			fileSystemSynchronizedGroups = (
				A2EC8AFE2EF397EF00AFB568 /* AirClip-iOSTests */,
			);
			name = "AirClip-iOSTests";
			packageProductDependencies = (
			);
			productName = "AirClip-iOSTests";
			productReference = A2EC8AFB2EF397EF00AFB568 /* AirClip-iOSTests.xctest */;
			productType = "com.apple.product-type.bundle.unit-test";
		};
		A2EC8B042EF397EF00AFB568 /* AirClip-iOSUITests */ = {
			isa = PBXNativeTarget;
			buildConfigurationList = A2EC8B142EF397EF00AFB568 /* Build configuration list for PBXNativeTarget "AirClip-iOSUITests" */;
			buildPhases = (
				A2EC8B012EF397EF00AFB568 /* Sources */,
				A2EC8B022EF397EF00AFB568 /* Frameworks */,
				A2EC8B032EF397EF00AFB568 /* Resources */,
			);
			buildRules = (
			);
			dependencies = (
				A2EC8B072EF397EF00AFB568 /* PBXTargetDependency */,
			);
			fileSystemSynchronizedGroups = (
				A2EC8B082EF397EF00AFB568 /* AirClip-iOSUITests */,
			);
			name = "AirClip-iOSUITests";
			packageProductDependencies = (
			);
			productName = "AirClip-iOSUITests";
			productReference = A2EC8B052EF397EF00AFB568 /* AirClip-iOSUITests.xctest */;
			productType = "com.apple.product-type.bundle.ui-testing";
		};
/* End PBXNativeTarget section */

/* Begin PBXProject section */
		A28D402F2ECC6272005BDDD2 /* Project object */ = {
			isa = PBXProject;
			attributes = {
				BuildIndependentTargetsInParallel = 1;
				LastSwiftUpdateCheck = 2620;
				LastUpgradeCheck = 2620;
				TargetAttributes = {
					A28D40362ECC6272005BDDD2 = {
						CreatedOnToolsVersion = 26.1.1;
					};
					A28D40452ECC6275005BDDD2 = {
						CreatedOnToolsVersion = 26.1.1;
						TestTargetID = A28D40362ECC6272005BDDD2;
					};
					A28D404F2ECC6275005BDDD2 = {
						CreatedOnToolsVersion = 26.1.1;
						TestTargetID = A28D40362ECC6272005BDDD2;
					};
					A2EC8AEA2EF397EC00AFB568 = {
						CreatedOnToolsVersion = 26.2;
					};
					A2EC8AFA2EF397EF00AFB568 = {
						CreatedOnToolsVersion = 26.2;
						TestTargetID = A2EC8AEA2EF397EC00AFB568;
					};
					A2EC8B042EF397EF00AFB568 = {
						CreatedOnToolsVersion = 26.2;
						TestTargetID = A2EC8AEA2EF397EC00AFB568;
					};
				};
			};
			buildConfigurationList = A28D40322ECC6272005BDDD2 /* Build configuration list for PBXProject "AirClip" */;
			developmentRegion = en;
			hasScannedForEncodings = 0;
			knownRegions = (
				en,
				Base,
				"zh-Hans",
				"zh-Hant",
				ja,
				ko,
				de,
				fr,
				es,
				"pt-BR",
				it,
				ru,
				ar,
			);
			mainGroup = A28D402E2ECC6272005BDDD2;
			minimizedProjectReferenceProxies = 1;
			packageReferences = (
				A2EC8B682EFB773300AFB568 /* XCRemoteSwiftPackageReference "ZIPFoundation" */,
			);
			preferredProjectObjectVersion = 77;
			productRefGroup = A28D40382ECC6272005BDDD2 /* Products */;
			projectDirPath = "";
			projectRoot = "";
			targets = (
				A28D40362ECC6272005BDDD2 /* AirClip */,
				A28D40452ECC6275005BDDD2 /* AirClipTests */,
				A28D404F2ECC6275005BDDD2 /* AirClipUITests */,
				A2EC8AEA2EF397EC00AFB568 /* AirClip-iOS */,
				A2EC8AFA2EF397EF00AFB568 /* AirClip-iOSTests */,
				A2EC8B042EF397EF00AFB568 /* AirClip-iOSUITests */,
			);
		};
/* End PBXProject section */

/* Begin PBXResourcesBuildPhase section */
		A28D40352ECC6272005BDDD2 /* Resources */ = {
			isa = PBXResourcesBuildPhase;
			buildActionMask = 2147483647;
			files = (
			);
			runOnlyForDeploymentPostprocessing = 0;
		};
		A28D40442ECC6275005BDDD2 /* Resources */ = {
			isa = PBXResourcesBuildPhase;
			buildActionMask = 2147483647;
			files = (
			);
			runOnlyForDeploymentPostprocessing = 0;
		};
		A28D404E2ECC6275005BDDD2 /* Resources */ = {
			isa = PBXResourcesBuildPhase;
			buildActionMask = 2147483647;
			files = (
			);
			runOnlyForDeploymentPostprocessing = 0;
		};
		A2EC8AE92EF397EC00AFB568 /* Resources */ = {
			isa = PBXResourcesBuildPhase;
			buildActionMask = 2147483647;
			files = (
			);
			runOnlyForDeploymentPostprocessing = 0;
		};
		A2EC8AF92EF397EF00AFB568 /* Resources */ = {
			isa = PBXResourcesBuildPhase;
			buildActionMask = 2147483647;
			files = (
			);
			runOnlyForDeploymentPostprocessing = 0;
		};
		A2EC8B032EF397EF00AFB568 /* Resources */ = {
			isa = PBXResourcesBuildPhase;
			buildActionMask = 2147483647;
			files = (
			);
			runOnlyForDeploymentPostprocessing = 0;
		};
/* End PBXResourcesBuildPhase section */

/* Begin PBXSourcesBuildPhase section */
		A28D40332ECC6272005BDDD2 /* Sources */ = {
			isa = PBXSourcesBuildPhase;
			buildActionMask = 2147483647;
			files = (
			);
			runOnlyForDeploymentPostprocessing = 0;
		};
		A28D40422ECC6275005BDDD2 /* Sources */ = {
			isa = PBXSourcesBuildPhase;
			buildActionMask = 2147483647;
			files = (
			);
			runOnlyForDeploymentPostprocessing = 0;
		};
		A28D404C2ECC6275005BDDD2 /* Sources */ = {
			isa = PBXSourcesBuildPhase;
			buildActionMask = 2147483647;
			files = (
			);
			runOnlyForDeploymentPostprocessing = 0;
		};
		A2EC8AE72EF397EC00AFB568 /* Sources */ = {
			isa = PBXSourcesBuildPhase;
			buildActionMask = 2147483647;
			files = (
			);
			runOnlyForDeploymentPostprocessing = 0;
		};
		A2EC8AF72EF397EF00AFB568 /* Sources */ = {
			isa = PBXSourcesBuildPhase;
			buildActionMask = 2147483647;
			files = (
			);
			runOnlyForDeploymentPostprocessing = 0;
		};
		A2EC8B012EF397EF00AFB568 /* Sources */ = {
			isa = PBXSourcesBuildPhase;
			buildActionMask = 2147483647;
			files = (
			);
			runOnlyForDeploymentPostprocessing = 0;
		};
/* End PBXSourcesBuildPhase section */

/* Begin PBXTargetDependency section */
		A28D40482ECC6275005BDDD2 /* PBXTargetDependency */ = {
			isa = PBXTargetDependency;
			target = A28D40362ECC6272005BDDD2 /* AirClip */;
			targetProxy = A28D40472ECC6275005BDDD2 /* PBXContainerItemProxy */;
		};
		A28D40522ECC6275005BDDD2 /* PBXTargetDependency */ = {
			isa = PBXTargetDependency;
			target = A28D40362ECC6272005BDDD2 /* AirClip */;
			targetProxy = A28D40512ECC6275005BDDD2 /* PBXContainerItemProxy */;
		};
		A2EC8AFD2EF397EF00AFB568 /* PBXTargetDependency */ = {
			isa = PBXTargetDependency;
			target = A2EC8AEA2EF397EC00AFB568 /* AirClip-iOS */;
			targetProxy = A2EC8AFC2EF397EF00AFB568 /* PBXContainerItemProxy */;
		};
		A2EC8B072EF397EF00AFB568 /* PBXTargetDependency */ = {
			isa = PBXTargetDependency;
			target = A2EC8AEA2EF397EC00AFB568 /* AirClip-iOS */;
			targetProxy = A2EC8B062EF397EF00AFB568 /* PBXContainerItemProxy */;
		};
/* End PBXTargetDependency section */

/* Begin XCBuildConfiguration section */
		A28D40582ECC6275005BDDD2 /* Debug */ = {
			isa = XCBuildConfiguration;
			buildSettings = {
				ALWAYS_SEARCH_USER_PATHS = NO;
				ASSETCATALOG_COMPILER_GENERATE_SWIFT_ASSET_SYMBOL_EXTENSIONS = YES;
				CLANG_ANALYZER_NONNULL = YES;
				CLANG_ANALYZER_NUMBER_OBJECT_CONVERSION = YES_AGGRESSIVE;
				CLANG_CXX_LANGUAGE_STANDARD = "gnu++20";
				CLANG_ENABLE_MODULES = YES;
				CLANG_ENABLE_OBJC_ARC = YES;
				CLANG_ENABLE_OBJC_WEAK = YES;
				CLANG_WARN_BLOCK_CAPTURE_AUTORELEASING = YES;
				CLANG_WARN_BOOL_CONVERSION = YES;
				CLANG_WARN_COMMA = YES;
				CLANG_WARN_CONSTANT_CONVERSION = YES;
				CLANG_WARN_DEPRECATED_OBJC_IMPLEMENTATIONS = YES;
				CLANG_WARN_DIRECT_OBJC_ISA_USAGE = YES_ERROR;
				CLANG_WARN_DOCUMENTATION_COMMENTS = YES;
				CLANG_WARN_EMPTY_BODY = YES;
				CLANG_WARN_ENUM_CONVERSION = YES;
				CLANG_WARN_INFINITE_RECURSION = YES;
				CLANG_WARN_INT_CONVERSION = YES;
				CLANG_WARN_NON_LITERAL_NULL_CONVERSION = YES;
				CLANG_WARN_OBJC_IMPLICIT_RETAIN_SELF = YES;
				CLANG_WARN_OBJC_LITERAL_CONVERSION = YES;
				CLANG_WARN_OBJC_ROOT_CLASS = YES_ERROR;
				CLANG_WARN_QUOTED_INCLUDE_IN_FRAMEWORK_HEADER = YES;
				CLANG_WARN_RANGE_LOOP_ANALYSIS = YES;
				CLANG_WARN_STRICT_PROTOTYPES = YES;
				CLANG_WARN_SUSPICIOUS_MOVE = YES;
				CLANG_WARN_UNGUARDED_AVAILABILITY = YES_AGGRESSIVE;
				CLANG_WARN_UNREACHABLE_CODE = YES;
				CLANG_WARN__DUPLICATE_METHOD_MATCH = YES;
				COPY_PHASE_STRIP = NO;
				DEAD_CODE_STRIPPING = YES;
				DEBUG_INFORMATION_FORMAT = dwarf;
				DEVELOPMENT_TEAM = "";
				ENABLE_STRICT_OBJC_MSGSEND = YES;
				ENABLE_TESTABILITY = YES;
				ENABLE_USER_SCRIPT_SANDBOXING = YES;
				GCC_C_LANGUAGE_STANDARD = gnu17;
				GCC_DYNAMIC_NO_PIC = NO;
				GCC_NO_COMMON_BLOCKS = YES;
				GCC_OPTIMIZATION_LEVEL = 0;
				GCC_PREPROCESSOR_DEFINITIONS = (
					"DEBUG=1",
					"$(inherited)",
				);
				GCC_WARN_64_TO_32_BIT_CONVERSION = YES;
				GCC_WARN_ABOUT_RETURN_TYPE = YES_ERROR;
				GCC_WARN_UNDECLARED_SELECTOR = YES;
				GCC_WARN_UNINITIALIZED_AUTOS = YES_AGGRESSIVE;
				GCC_WARN_UNUSED_FUNCTION = YES;
				GCC_WARN_UNUSED_VARIABLE = YES;
				LOCALIZATION_PREFERS_STRING_CATALOGS = YES;
				MACOSX_DEPLOYMENT_TARGET = 26.0;
				MTL_ENABLE_DEBUG_INFO = INCLUDE_SOURCE;
				MTL_FAST_MATH = YES;
				ONLY_ACTIVE_ARCH = YES;
				SDKROOT = macosx;
				STRING_CATALOG_GENERATE_SYMBOLS = YES;
				SWIFT_ACTIVE_COMPILATION_CONDITIONS = "DEBUG $(inherited)";
				SWIFT_OPTIMIZATION_LEVEL = "-Onone";
			};
			name = Debug;
		};
		A28D40592ECC6275005BDDD2 /* Release */ = {
			isa = XCBuildConfiguration;
			buildSettings = {
				ALWAYS_SEARCH_USER_PATHS = NO;
				ASSETCATALOG_COMPILER_GENERATE_SWIFT_ASSET_SYMBOL_EXTENSIONS = YES;
				CLANG_ANALYZER_NONNULL = YES;
				CLANG_ANALYZER_NUMBER_OBJECT_CONVERSION = YES_AGGRESSIVE;
				CLANG_CXX_LANGUAGE_STANDARD = "gnu++20";
				CLANG_ENABLE_MODULES = YES;
				CLANG_ENABLE_OBJC_ARC = YES;
				CLANG_ENABLE_OBJC_WEAK = YES;
				CLANG_WARN_BLOCK_CAPTURE_AUTORELEASING = YES;
				CLANG_WARN_BOOL_CONVERSION = YES;
				CLANG_WARN_COMMA = YES;
				CLANG_WARN_CONSTANT_CONVERSION = YES;
				CLANG_WARN_DEPRECATED_OBJC_IMPLEMENTATIONS = YES;
				CLANG_WARN_DIRECT_OBJC_ISA_USAGE = YES_ERROR;
				CLANG_WARN_DOCUMENTATION_COMMENTS = YES;
				CLANG_WARN_EMPTY_BODY = YES;
				CLANG_WARN_ENUM_CONVERSION = YES;
				CLANG_WARN_INFINITE_RECURSION = YES;
				CLANG_WARN_INT_CONVERSION = YES;
				CLANG_WARN_NON_LITERAL_NULL_CONVERSION = YES;
				CLANG_WARN_OBJC_IMPLICIT_RETAIN_SELF = YES;
				CLANG_WARN_OBJC_LITERAL_CONVERSION = YES;
				CLANG_WARN_OBJC_ROOT_CLASS = YES_ERROR;
				CLANG_WARN_QUOTED_INCLUDE_IN_FRAMEWORK_HEADER = YES;
				CLANG_WARN_RANGE_LOOP_ANALYSIS = YES;
				CLANG_WARN_STRICT_PROTOTYPES = YES;
				CLANG_WARN_SUSPICIOUS_MOVE = YES;
				CLANG_WARN_UNGUARDED_AVAILABILITY = YES_AGGRESSIVE;
				CLANG_WARN_UNREACHABLE_CODE = YES;
				CLANG_WARN__DUPLICATE_METHOD_MATCH = YES;
				COPY_PHASE_STRIP = NO;
				DEAD_CODE_STRIPPING = YES;
				DEBUG_INFORMATION_FORMAT = "dwarf-with-dsym";
				DEVELOPMENT_TEAM = "";
				ENABLE_NS_ASSERTIONS = NO;
				ENABLE_STRICT_OBJC_MSGSEND = YES;
				ENABLE_USER_SCRIPT_SANDBOXING = YES;
				GCC_C_LANGUAGE_STANDARD = gnu17;
				GCC_NO_COMMON_BLOCKS = YES;
				GCC_WARN_64_TO_32_BIT_CONVERSION = YES;
				GCC_WARN_ABOUT_RETURN_TYPE = YES_ERROR;
				GCC_WARN_UNDECLARED_SELECTOR = YES;
				GCC_WARN_UNINITIALIZED_AUTOS = YES_AGGRESSIVE;
				GCC_WARN_UNUSED_FUNCTION = YES;
				GCC_WARN_UNUSED_VARIABLE = YES;
				LOCALIZATION_PREFERS_STRING_CATALOGS = YES;
				MACOSX_DEPLOYMENT_TARGET = 26.0;
				MTL_ENABLE_DEBUG_INFO = NO;
				MTL_FAST_MATH = YES;
				SDKROOT = macosx;
				STRING_CATALOG_GENERATE_SYMBOLS = YES;
				SWIFT_COMPILATION_MODE = wholemodule;
			};
			name = Release;
		};
		A28D405B2ECC6275005BDDD2 /* Debug */ = {
			isa = XCBuildConfiguration;
			buildSettings = {
				ASSETCATALOG_COMPILER_APPICON_NAME = AppIcon;
				ASSETCATALOG_COMPILER_GLOBAL_ACCENT_COLOR_NAME = AccentColor;
				CODE_SIGN_ENTITLEMENTS = AirClip/AirClip.entitlements;
				CODE_SIGN_STYLE = Automatic;
				COMBINE_HIDPI_IMAGES = YES;
				CURRENT_PROJECT_VERSION = 2026062601;
				DEAD_CODE_STRIPPING = YES;
				DEVELOPMENT_TEAM = "";
				ENABLE_APP_SANDBOX = YES;
				ENABLE_HARDENED_RUNTIME = YES;
				ENABLE_INCOMING_NETWORK_CONNECTIONS = NO;
				ENABLE_OUTGOING_NETWORK_CONNECTIONS = YES;
				ENABLE_PREVIEWS = YES;
				ENABLE_RESOURCE_ACCESS_AUDIO_INPUT = NO;
				ENABLE_RESOURCE_ACCESS_BLUETOOTH = NO;
				ENABLE_RESOURCE_ACCESS_CALENDARS = NO;
				ENABLE_RESOURCE_ACCESS_CAMERA = NO;
				ENABLE_RESOURCE_ACCESS_CONTACTS = NO;
				ENABLE_RESOURCE_ACCESS_LOCATION = NO;
				ENABLE_RESOURCE_ACCESS_PRINTING = NO;
				ENABLE_RESOURCE_ACCESS_USB = NO;
				ENABLE_USER_SELECTED_FILES = readwrite;
				GENERATE_INFOPLIST_FILE = NO;
				INFOPLIST_FILE = AirClip/Info.plist;
				INFOPLIST_KEY_LSApplicationCategoryType = "public.app-category.productivity";
				INFOPLIST_KEY_LSUIElement = YES;
				INFOPLIST_KEY_NSHumanReadableCopyright = "";
				LD_RUNPATH_SEARCH_PATHS = (
					"$(inherited)",
					"@executable_path/../Frameworks",
				);
				MARKETING_VERSION = 1.1.1;
				PRODUCT_BUNDLE_IDENTIFIER = com.example.AirClip;
				PRODUCT_NAME = "$(TARGET_NAME)";
				REGISTER_APP_GROUPS = YES;
				STRING_CATALOG_GENERATE_SYMBOLS = YES;
				SWIFT_APPROACHABLE_CONCURRENCY = YES;
				SWIFT_DEFAULT_ACTOR_ISOLATION = MainActor;
				SWIFT_EMIT_LOC_STRINGS = YES;
				SWIFT_UPCOMING_FEATURE_MEMBER_IMPORT_VISIBILITY = YES;
				SWIFT_VERSION = 5.0;
			};
			name = Debug;
		};
		A28D405C2ECC6275005BDDD2 /* Release */ = {
			isa = XCBuildConfiguration;
			buildSettings = {
				ASSETCATALOG_COMPILER_APPICON_NAME = AppIcon;
				ASSETCATALOG_COMPILER_GLOBAL_ACCENT_COLOR_NAME = AccentColor;
				CODE_SIGN_ENTITLEMENTS = AirClip/AirClip.entitlements;
				CODE_SIGN_STYLE = Automatic;
				COMBINE_HIDPI_IMAGES = YES;
				CURRENT_PROJECT_VERSION = 2026062601;
				DEAD_CODE_STRIPPING = YES;
				DEVELOPMENT_TEAM = "";
				ENABLE_APP_SANDBOX = YES;
				ENABLE_HARDENED_RUNTIME = YES;
				ENABLE_INCOMING_NETWORK_CONNECTIONS = NO;
				ENABLE_OUTGOING_NETWORK_CONNECTIONS = YES;
				ENABLE_PREVIEWS = YES;
				ENABLE_RESOURCE_ACCESS_AUDIO_INPUT = NO;
				ENABLE_RESOURCE_ACCESS_BLUETOOTH = NO;
				ENABLE_RESOURCE_ACCESS_CALENDARS = NO;
				ENABLE_RESOURCE_ACCESS_CAMERA = NO;
				ENABLE_RESOURCE_ACCESS_CONTACTS = NO;
				ENABLE_RESOURCE_ACCESS_LOCATION = NO;
				ENABLE_RESOURCE_ACCESS_PRINTING = NO;
				ENABLE_RESOURCE_ACCESS_USB = NO;
				ENABLE_USER_SELECTED_FILES = readwrite;
				GENERATE_INFOPLIST_FILE = NO;
				INFOPLIST_FILE = AirClip/Info.plist;
				INFOPLIST_KEY_LSApplicationCategoryType = "public.app-category.productivity";
				INFOPLIST_KEY_LSUIElement = YES;
				INFOPLIST_KEY_NSHumanReadableCopyright = "";
				LD_RUNPATH_SEARCH_PATHS = (
					"$(inherited)",
					"@executable_path/../Frameworks",
				);
				MARKETING_VERSION = 1.1.1;
				PRODUCT_BUNDLE_IDENTIFIER = com.example.AirClip;
				PRODUCT_NAME = "$(TARGET_NAME)";
				REGISTER_APP_GROUPS = YES;
				STRING_CATALOG_GENERATE_SYMBOLS = YES;
				SWIFT_APPROACHABLE_CONCURRENCY = YES;
				SWIFT_DEFAULT_ACTOR_ISOLATION = MainActor;
				SWIFT_EMIT_LOC_STRINGS = YES;
				SWIFT_UPCOMING_FEATURE_MEMBER_IMPORT_VISIBILITY = YES;
				SWIFT_VERSION = 5.0;
			};
			name = Release;
		};
		A28D405E2ECC6275005BDDD2 /* Debug */ = {
			isa = XCBuildConfiguration;
			buildSettings = {
				BUNDLE_LOADER = "$(TEST_HOST)";
				CODE_SIGN_STYLE = Automatic;
				CURRENT_PROJECT_VERSION = 1;
				DEAD_CODE_STRIPPING = YES;
				DEVELOPMENT_TEAM = "";
				GENERATE_INFOPLIST_FILE = YES;
				MACOSX_DEPLOYMENT_TARGET = 26.0;
				MARKETING_VERSION = 1.0;
				PRODUCT_BUNDLE_IDENTIFIER = com.example.AirClipTests;
				PRODUCT_NAME = "$(TARGET_NAME)";
				STRING_CATALOG_GENERATE_SYMBOLS = NO;
				SWIFT_APPROACHABLE_CONCURRENCY = YES;
				SWIFT_EMIT_LOC_STRINGS = NO;
				SWIFT_UPCOMING_FEATURE_MEMBER_IMPORT_VISIBILITY = YES;
				SWIFT_VERSION = 5.0;
				TEST_HOST = "$(BUILT_PRODUCTS_DIR)/AirClip.app/$(BUNDLE_EXECUTABLE_FOLDER_PATH)/AirClip";
			};
			name = Debug;
		};
		A28D405F2ECC6275005BDDD2 /* Release */ = {
			isa = XCBuildConfiguration;
			buildSettings = {
				BUNDLE_LOADER = "$(TEST_HOST)";
				CODE_SIGN_STYLE = Automatic;
				CURRENT_PROJECT_VERSION = 1;
				DEAD_CODE_STRIPPING = YES;
				DEVELOPMENT_TEAM = "";
				GENERATE_INFOPLIST_FILE = YES;
				MACOSX_DEPLOYMENT_TARGET = 26.0;
				MARKETING_VERSION = 1.0;
				PRODUCT_BUNDLE_IDENTIFIER = com.example.AirClipTests;
				PRODUCT_NAME = "$(TARGET_NAME)";
				STRING_CATALOG_GENERATE_SYMBOLS = NO;
				SWIFT_APPROACHABLE_CONCURRENCY = YES;
				SWIFT_EMIT_LOC_STRINGS = NO;
				SWIFT_UPCOMING_FEATURE_MEMBER_IMPORT_VISIBILITY = YES;
				SWIFT_VERSION = 5.0;
				TEST_HOST = "$(BUILT_PRODUCTS_DIR)/AirClip.app/$(BUNDLE_EXECUTABLE_FOLDER_PATH)/AirClip";
			};
			name = Release;
		};
		A28D40612ECC6275005BDDD2 /* Debug */ = {
			isa = XCBuildConfiguration;
			buildSettings = {
				CODE_SIGN_STYLE = Automatic;
				CURRENT_PROJECT_VERSION = 1;
				DEAD_CODE_STRIPPING = YES;
				DEVELOPMENT_TEAM = "";
				GENERATE_INFOPLIST_FILE = YES;
				MARKETING_VERSION = 1.0;
				PRODUCT_BUNDLE_IDENTIFIER = com.example.AirClipUITests;
				PRODUCT_NAME = "$(TARGET_NAME)";
				STRING_CATALOG_GENERATE_SYMBOLS = NO;
				SWIFT_APPROACHABLE_CONCURRENCY = YES;
				SWIFT_EMIT_LOC_STRINGS = NO;
				SWIFT_UPCOMING_FEATURE_MEMBER_IMPORT_VISIBILITY = YES;
				SWIFT_VERSION = 5.0;
				TEST_TARGET_NAME = AirClip;
			};
			name = Debug;
		};
		A28D40622ECC6275005BDDD2 /* Release */ = {
			isa = XCBuildConfiguration;
			buildSettings = {
				CODE_SIGN_STYLE = Automatic;
				CURRENT_PROJECT_VERSION = 1;
				DEAD_CODE_STRIPPING = YES;
				DEVELOPMENT_TEAM = "";
				GENERATE_INFOPLIST_FILE = YES;
				MARKETING_VERSION = 1.0;
				PRODUCT_BUNDLE_IDENTIFIER = com.example.AirClipUITests;
				PRODUCT_NAME = "$(TARGET_NAME)";
				STRING_CATALOG_GENERATE_SYMBOLS = NO;
				SWIFT_APPROACHABLE_CONCURRENCY = YES;
				SWIFT_EMIT_LOC_STRINGS = NO;
				SWIFT_UPCOMING_FEATURE_MEMBER_IMPORT_VISIBILITY = YES;
				SWIFT_VERSION = 5.0;
				TEST_TARGET_NAME = AirClip;
			};
			name = Release;
		};
		A2EC8B0F2EF397EF00AFB568 /* Debug */ = {
			isa = XCBuildConfiguration;
			buildSettings = {
				ASSETCATALOG_COMPILER_APPICON_NAME = AppIcon;
				ASSETCATALOG_COMPILER_GLOBAL_ACCENT_COLOR_NAME = AccentColor;
				CODE_SIGN_ENTITLEMENTS = "AirClip-iOS/AirClip_iOS.entitlements";
				CODE_SIGN_STYLE = Automatic;
				CURRENT_PROJECT_VERSION = 1;
				DEVELOPMENT_TEAM = "";
				ENABLE_PREVIEWS = YES;
				GENERATE_INFOPLIST_FILE = YES;
				INFOPLIST_FILE = "AirClip-iOS/Info.plist";
				INFOPLIST_KEY_UIApplicationSceneManifest_Generation = YES;
				INFOPLIST_KEY_UIApplicationSupportsIndirectInputEvents = YES;
				INFOPLIST_KEY_UILaunchScreen_Generation = YES;
				INFOPLIST_KEY_UISupportedInterfaceOrientations_iPad = "UIInterfaceOrientationPortrait UIInterfaceOrientationPortraitUpsideDown UIInterfaceOrientationLandscapeLeft UIInterfaceOrientationLandscapeRight";
				INFOPLIST_KEY_UISupportedInterfaceOrientations_iPhone = "UIInterfaceOrientationPortrait UIInterfaceOrientationLandscapeLeft UIInterfaceOrientationLandscapeRight";
				IPHONEOS_DEPLOYMENT_TARGET = 26.0;
				LD_RUNPATH_SEARCH_PATHS = (
					"$(inherited)",
					"@executable_path/Frameworks",
				);
				MARKETING_VERSION = 1.0;
				PRODUCT_BUNDLE_IDENTIFIER = "com.example.AirClip-iOS";
				PRODUCT_NAME = "$(TARGET_NAME)";
				SDKROOT = iphoneos;
				STRING_CATALOG_GENERATE_SYMBOLS = YES;
				SWIFT_APPROACHABLE_CONCURRENCY = YES;
				SWIFT_DEFAULT_ACTOR_ISOLATION = MainActor;
				SWIFT_EMIT_LOC_STRINGS = YES;
				SWIFT_UPCOMING_FEATURE_MEMBER_IMPORT_VISIBILITY = YES;
				SWIFT_VERSION = 5.0;
				TARGETED_DEVICE_FAMILY = "1,2";
			};
			name = Debug;
		};
		A2EC8B102EF397EF00AFB568 /* Release */ = {
			isa = XCBuildConfiguration;
			buildSettings = {
				ASSETCATALOG_COMPILER_APPICON_NAME = AppIcon;
				ASSETCATALOG_COMPILER_GLOBAL_ACCENT_COLOR_NAME = AccentColor;
				CODE_SIGN_ENTITLEMENTS = "AirClip-iOS/AirClip_iOS.entitlements";
				CODE_SIGN_STYLE = Automatic;
				CURRENT_PROJECT_VERSION = 1;
				DEVELOPMENT_TEAM = "";
				ENABLE_PREVIEWS = YES;
				GENERATE_INFOPLIST_FILE = YES;
				INFOPLIST_FILE = "AirClip-iOS/Info.plist";
				INFOPLIST_KEY_UIApplicationSceneManifest_Generation = YES;
				INFOPLIST_KEY_UIApplicationSupportsIndirectInputEvents = YES;
				INFOPLIST_KEY_UILaunchScreen_Generation = YES;
				INFOPLIST_KEY_UISupportedInterfaceOrientations_iPad = "UIInterfaceOrientationPortrait UIInterfaceOrientationPortraitUpsideDown UIInterfaceOrientationLandscapeLeft UIInterfaceOrientationLandscapeRight";
				INFOPLIST_KEY_UISupportedInterfaceOrientations_iPhone = "UIInterfaceOrientationPortrait UIInterfaceOrientationLandscapeLeft UIInterfaceOrientationLandscapeRight";
				IPHONEOS_DEPLOYMENT_TARGET = 26.0;
				LD_RUNPATH_SEARCH_PATHS = (
					"$(inherited)",
					"@executable_path/Frameworks",
				);
				MARKETING_VERSION = 1.0;
				PRODUCT_BUNDLE_IDENTIFIER = "com.example.AirClip-iOS";
				PRODUCT_NAME = "$(TARGET_NAME)";
				SDKROOT = iphoneos;
				STRING_CATALOG_GENERATE_SYMBOLS = YES;
				SWIFT_APPROACHABLE_CONCURRENCY = YES;
				SWIFT_DEFAULT_ACTOR_ISOLATION = MainActor;
				SWIFT_EMIT_LOC_STRINGS = YES;
				SWIFT_UPCOMING_FEATURE_MEMBER_IMPORT_VISIBILITY = YES;
				SWIFT_VERSION = 5.0;
				TARGETED_DEVICE_FAMILY = "1,2";
				VALIDATE_PRODUCT = YES;
			};
			name = Release;
		};
		A2EC8B122EF397EF00AFB568 /* Debug */ = {
			isa = XCBuildConfiguration;
			buildSettings = {
				BUNDLE_LOADER = "$(TEST_HOST)";
				CODE_SIGN_STYLE = Automatic;
				CURRENT_PROJECT_VERSION = 1;
				DEVELOPMENT_TEAM = "";
				GENERATE_INFOPLIST_FILE = YES;
				IPHONEOS_DEPLOYMENT_TARGET = 26.2;
				MARKETING_VERSION = 1.0;
				PRODUCT_BUNDLE_IDENTIFIER = "com.example.AirClip-iOSTests";
				PRODUCT_NAME = "$(TARGET_NAME)";
				SDKROOT = iphoneos;
				STRING_CATALOG_GENERATE_SYMBOLS = NO;
				SWIFT_APPROACHABLE_CONCURRENCY = YES;
				SWIFT_EMIT_LOC_STRINGS = NO;
				SWIFT_UPCOMING_FEATURE_MEMBER_IMPORT_VISIBILITY = YES;
				SWIFT_VERSION = 5.0;
				TARGETED_DEVICE_FAMILY = "1,2";
				TEST_HOST = "$(BUILT_PRODUCTS_DIR)/AirClip-iOS.app/$(BUNDLE_EXECUTABLE_FOLDER_PATH)/AirClip-iOS";
			};
			name = Debug;
		};
		A2EC8B132EF397EF00AFB568 /* Release */ = {
			isa = XCBuildConfiguration;
			buildSettings = {
				BUNDLE_LOADER = "$(TEST_HOST)";
				CODE_SIGN_STYLE = Automatic;
				CURRENT_PROJECT_VERSION = 1;
				DEVELOPMENT_TEAM = "";
				GENERATE_INFOPLIST_FILE = YES;
				IPHONEOS_DEPLOYMENT_TARGET = 26.2;
				MARKETING_VERSION = 1.0;
				PRODUCT_BUNDLE_IDENTIFIER = "com.example.AirClip-iOSTests";
				PRODUCT_NAME = "$(TARGET_NAME)";
				SDKROOT = iphoneos;
				STRING_CATALOG_GENERATE_SYMBOLS = NO;
				SWIFT_APPROACHABLE_CONCURRENCY = YES;
				SWIFT_EMIT_LOC_STRINGS = NO;
				SWIFT_UPCOMING_FEATURE_MEMBER_IMPORT_VISIBILITY = YES;
				SWIFT_VERSION = 5.0;
				TARGETED_DEVICE_FAMILY = "1,2";
				TEST_HOST = "$(BUILT_PRODUCTS_DIR)/AirClip-iOS.app/$(BUNDLE_EXECUTABLE_FOLDER_PATH)/AirClip-iOS";
				VALIDATE_PRODUCT = YES;
			};
			name = Release;
		};
		A2EC8B152EF397EF00AFB568 /* Debug */ = {
			isa = XCBuildConfiguration;
			buildSettings = {
				CODE_SIGN_ENTITLEMENTS = "AirClip-iOS/AirClip-iOS.entitlements";
				CODE_SIGN_STYLE = Automatic;
				CURRENT_PROJECT_VERSION = 1;
				DEVELOPMENT_TEAM = "";
				GENERATE_INFOPLIST_FILE = YES;
				IPHONEOS_DEPLOYMENT_TARGET = 26.2;
				MARKETING_VERSION = 1.0;
				PRODUCT_BUNDLE_IDENTIFIER = "com.example.AirClip-iOSUITests";
				PRODUCT_NAME = "$(TARGET_NAME)";
				SDKROOT = iphoneos;
				STRING_CATALOG_GENERATE_SYMBOLS = NO;
				SWIFT_APPROACHABLE_CONCURRENCY = YES;
				SWIFT_EMIT_LOC_STRINGS = NO;
				SWIFT_UPCOMING_FEATURE_MEMBER_IMPORT_VISIBILITY = YES;
				SWIFT_VERSION = 5.0;
				TARGETED_DEVICE_FAMILY = "1,2";
				TEST_TARGET_NAME = "AirClip-iOS";
			};
			name = Debug;
		};
		A2EC8B162EF397EF00AFB568 /* Release */ = {
			isa = XCBuildConfiguration;
			buildSettings = {
				CODE_SIGN_ENTITLEMENTS = "AirClip-iOS/AirClip-iOS.entitlements";
				CODE_SIGN_STYLE = Automatic;
				CURRENT_PROJECT_VERSION = 1;
				DEVELOPMENT_TEAM = "";
				GENERATE_INFOPLIST_FILE = YES;
				IPHONEOS_DEPLOYMENT_TARGET = 26.2;
				MARKETING_VERSION = 1.0;
				PRODUCT_BUNDLE_IDENTIFIER = "com.example.AirClip-iOSUITests";
				PRODUCT_NAME = "$(TARGET_NAME)";
				SDKROOT = iphoneos;
				STRING_CATALOG_GENERATE_SYMBOLS = NO;
				SWIFT_APPROACHABLE_CONCURRENCY = YES;
				SWIFT_EMIT_LOC_STRINGS = NO;
				SWIFT_UPCOMING_FEATURE_MEMBER_IMPORT_VISIBILITY = YES;
				SWIFT_VERSION = 5.0;
				TARGETED_DEVICE_FAMILY = "1,2";
				TEST_TARGET_NAME = "AirClip-iOS";
				VALIDATE_PRODUCT = YES;
			};
			name = Release;
		};
/* End XCBuildConfiguration section */

/* Begin XCConfigurationList section */
		A28D40322ECC6272005BDDD2 /* Build configuration list for PBXProject "AirClip" */ = {
			isa = XCConfigurationList;
			buildConfigurations = (
				A28D40582ECC6275005BDDD2 /* Debug */,
				A28D40592ECC6275005BDDD2 /* Release */,
			);
			defaultConfigurationIsVisible = 0;
			defaultConfigurationName = Release;
		};
		A28D405A2ECC6275005BDDD2 /* Build configuration list for PBXNativeTarget "AirClip" */ = {
			isa = XCConfigurationList;
			buildConfigurations = (
				A28D405B2ECC6275005BDDD2 /* Debug */,
				A28D405C2ECC6275005BDDD2 /* Release */,
			);
			defaultConfigurationIsVisible = 0;
			defaultConfigurationName = Release;
		};
		A28D405D2ECC6275005BDDD2 /* Build configuration list for PBXNativeTarget "AirClipTests" */ = {
			isa = XCConfigurationList;
			buildConfigurations = (
				A28D405E2ECC6275005BDDD2 /* Debug */,
				A28D405F2ECC6275005BDDD2 /* Release */,
			);
			defaultConfigurationIsVisible = 0;
			defaultConfigurationName = Release;
		};
		A28D40602ECC6275005BDDD2 /* Build configuration list for PBXNativeTarget "AirClipUITests" */ = {
			isa = XCConfigurationList;
			buildConfigurations = (
				A28D40612ECC6275005BDDD2 /* Debug */,
				A28D40622ECC6275005BDDD2 /* Release */,
			);
			defaultConfigurationIsVisible = 0;
			defaultConfigurationName = Release;
		};
		A2EC8B0E2EF397EF00AFB568 /* Build configuration list for PBXNativeTarget "AirClip-iOS" */ = {
			isa = XCConfigurationList;
			buildConfigurations = (
				A2EC8B0F2EF397EF00AFB568 /* Debug */,
				A2EC8B102EF397EF00AFB568 /* Release */,
			);
			defaultConfigurationIsVisible = 0;
			defaultConfigurationName = Release;
		};
		A2EC8B112EF397EF00AFB568 /* Build configuration list for PBXNativeTarget "AirClip-iOSTests" */ = {
			isa = XCConfigurationList;
			buildConfigurations = (
				A2EC8B122EF397EF00AFB568 /* Debug */,
				A2EC8B132EF397EF00AFB568 /* Release */,
			);
			defaultConfigurationIsVisible = 0;
			defaultConfigurationName = Release;
		};
		A2EC8B142EF397EF00AFB568 /* Build configuration list for PBXNativeTarget "AirClip-iOSUITests" */ = {
			isa = XCConfigurationList;
			buildConfigurations = (
				A2EC8B152EF397EF00AFB568 /* Debug */,
				A2EC8B162EF397EF00AFB568 /* Release */,
			);
			defaultConfigurationIsVisible = 0;
			defaultConfigurationName = Release;
		};
/* End XCConfigurationList section */

/* Begin XCRemoteSwiftPackageReference section */
		A2EC8B682EFB773300AFB568 /* XCRemoteSwiftPackageReference "ZIPFoundation" */ = {
			isa = XCRemoteSwiftPackageReference;
			repositoryURL = "https://github.com/weichsel/ZIPFoundation";
			requirement = {
				kind = upToNextMajorVersion;
				minimumVersion = 0.9.20;
			};
		};
/* End XCRemoteSwiftPackageReference section */

/* Begin XCSwiftPackageProductDependency section */
		A2EC8B692EFB782C00AFB568 /* ZIPFoundation */ = {
			isa = XCSwiftPackageProductDependency;
			package = A2EC8B682EFB773300AFB568 /* XCRemoteSwiftPackageReference "ZIPFoundation" */;
			productName = ZIPFoundation;
		};
/* End XCSwiftPackageProductDependency section */
	};
	rootObject = A28D402F2ECC6272005BDDD2 /* Project object */;
}
